
Microsoft Visual Studio Solution File, Format Version 12.00
# Visual Studio Version 17
VisualStudioVersion = 17.7.34024.191
MinimumVisualStudioVersion = 10.0.40219.1
Project("{FAE04EC0-301F-11D3-BF4B-00C04F79EFBC}") = "Commodore-Repair-Toolbox", "Commodore-Repair-Toolbox.csproj", "{329269BE-8F20-469D-ACEF-40A4F304ADAC}"
EndProject
Global
	GlobalSection(SolutionConfigurationPlatforms) = preSolution
		Debug|Any CPU = Debug|Any CPU
		Release|Any CPU = Release|Any CPU
	EndGlobalSection
	GlobalSection(ProjectConfigurationPlatforms) = postSolution
		{329269BE-8F20-469D-ACEF-40A4F304ADAC}.Debug|Any CPU.ActiveCfg = Debug|Any CPU
		{329269BE-8F20-469D-ACEF-40A4F304ADAC}.Debug|Any CPU.Build.0 = Debug|Any CPU
		{329269BE-8F20-469D-ACEF-40A4F304ADAC}.Release|Any CPU.ActiveCfg = Release|Any CPU
		{329269BE-8F20-469D-ACEF-40A4F304ADAC}.Release|Any CPU.Build.0 = Release|Any CPU
	EndGlobalSection
	GlobalSection(SolutionProperties) = preSolution
		HideSolutionNode = FALSE
	EndGlobalSection
	GlobalSection(ExtensibilityGlobals) = postSolution
		SolutionGuid = {FE85E49F-71EF-4671-8215-81DA2E1B0D94}
	EndGlobalSection
EndGlobal
